
Microsoft Visual Studio Solution File, Format Version 12.00
# Visual Studio Version 17
VisualStudioVersion = 17.1.32328.378
MinimumVisualStudioVersion = 10.0.40219.1
Project("{FAE04EC0-301F-11D3-BF4B-00C04F79EFBC}") = "AspDotnetcorewebapp", "AspDotnetcorewebapp\AspDotnetcorewebapp.csproj", "{4EA0B414-9042-4A15-8116-521511D42C57}"
EndProject
Global
	GlobalSection(SolutionConfigurationPlatforms) = preSolution
		Debug|Any CPU = Debug|Any CPU
		Release|Any CPU = Release|Any CPU
	EndGlobalSection
	GlobalSection(ProjectConfigurationPlatforms) = postSolution
		{4EA0B414-9042-4A15-8116-521511D42C57}.Debug|Any CPU.ActiveCfg = Debug|Any CPU
		{4EA0B414-9042-4A15-8116-521511D42C57}.Debug|Any CPU.Build.0 = Debug|Any CPU
		{4EA0B414-9042-4A15-8116-521511D42C57}.Release|Any CPU.ActiveCfg = Release|Any CPU
		{4EA0B414-9042-4A15-8116-521511D42C57}.Release|Any CPU.Build.0 = Release|Any CPU
	EndGlobalSection
	GlobalSection(SolutionProperties) = preSolution
		HideSolutionNode = FALSE
	EndGlobalSection
	GlobalSection(ExtensibilityGlobals) = postSolution
		SolutionGuid = {F64E410D-585E-448E-853B-92880E876AB0}
	EndGlobalSection
EndGlobal
